
Microsoft Visual Studio Solution File, Format Version 12.00
# Visual Studio Version 17
VisualStudioVersion = 17.10.34928.147
MinimumVisualStudioVersion = 10.0.40219.1
Project("{FAE04EC0-301F-11D3-BF4B-00C04F79EFBC}") = "TestManager", "TestManager.csproj", "{3E79E964-0AEB-4859-95DA-73A435B49963}"
	ProjectSection(ProjectDependencies) = postProject
		{ECF57BEA-8FF4-44A5-AC79-7B7F8FC1566C} = {ECF57BEA-8FF4-44A5-AC79-7B7F8FC1566C}
	EndProjectSection
EndProject
Project("{FAE04EC0-301F-11D3-BF4B-00C04F79EFBC}") = "Manager", "..\Manager\Manager.csproj", "{ECF57BEA-8FF4-44A5-AC79-7B7F8FC1566C}"
EndProject
Global
	GlobalSection(SolutionConfigurationPlatforms) = preSolution
		Debug|Any CPU = Debug|Any CPU
		Release|Any CPU = Release|Any CPU
	EndGlobalSection
	GlobalSection(ProjectConfigurationPlatforms) = postSolution
		{3E79E964-0AEB-4859-95DA-73A435B49963}.Debug|Any CPU.ActiveCfg = Debug|Any CPU
		{3E79E964-0AEB-4859-95DA-73A435B49963}.Debug|Any CPU.Build.0 = Debug|Any CPU
		{3E79E964-0AEB-4859-95DA-73A435B49963}.Release|Any CPU.ActiveCfg = Release|Any CPU
		{3E79E964-0AEB-4859-95DA-73A435B49963}.Release|Any CPU.Build.0 = Release|Any CPU
		{ECF57BEA-8FF4-44A5-AC79-7B7F8FC1566C}.Debug|Any CPU.ActiveCfg = Debug|Any CPU
		{ECF57BEA-8FF4-44A5-AC79-7B7F8FC1566C}.Debug|Any CPU.Build.0 = Debug|Any CPU
		{ECF57BEA-8FF4-44A5-AC79-7B7F8FC1566C}.Release|Any CPU.ActiveCfg = Release|Any CPU
		{ECF57BEA-8FF4-44A5-AC79-7B7F8FC1566C}.Release|Any CPU.Build.0 = Release|Any CPU
	EndGlobalSection
	GlobalSection(SolutionProperties) = preSolution
		HideSolutionNode = FALSE
	EndGlobalSection
	GlobalSection(ExtensibilityGlobals) = postSolution
		SolutionGuid = {8EDCFA60-F37C-4936-BE46-499F5AF005FB}
	EndGlobalSection
EndGlobal
